
Microsoft Visual Studio Solution File, Format Version 12.00
# Visual Studio 15
VisualStudioVersion = 15.0.28307.329
MinimumVisualStudioVersion = 10.0.40219.1
Project("{FAE04EC0-301F-11D3-BF4B-00C04F79EFBC}") = "WebSocketWinForms", "WebSocketWinForms\WebSocketWinForms.csproj", "{3807F1DF-9C99-43AA-A461-5ABA2C5565FD}"
EndProject
Global
	GlobalSection(SolutionConfigurationPlatforms) = preSolution
		Debug|Any CPU = Debug|Any CPU
		Release|Any CPU = Release|Any CPU
	EndGlobalSection
	GlobalSection(ProjectConfigurationPlatforms) = postSolution
		{3807F1DF-9C99-43AA-A461-5ABA2C5565FD}.Debug|Any CPU.ActiveCfg = Debug|Any CPU
		{3807F1DF-9C99-43AA-A461-5ABA2C5565FD}.Debug|Any CPU.Build.0 = Debug|Any CPU
		{3807F1DF-9C99-43AA-A461-5ABA2C5565FD}.Release|Any CPU.ActiveCfg = Release|Any CPU
		{3807F1DF-9C99-43AA-A461-5ABA2C5565FD}.Release|Any CPU.Build.0 = Release|Any CPU
	EndGlobalSection
	GlobalSection(SolutionProperties) = preSolution
		HideSolutionNode = FALSE
	EndGlobalSection
	GlobalSection(ExtensibilityGlobals) = postSolution
		SolutionGuid = {919B4D33-3C8E-4EAE-AB7D-C2290C40E047}
	EndGlobalSection
EndGlobal
